
Microsoft Visual Studio Solution File, Format Version 12.00
# Visual Studio Version 17
VisualStudioVersion = 17.5.33414.496
MinimumVisualStudioVersion = 10.0.40219.1
Project("{8BC9CEB8-8B4A-11D0-8D11-00A0C91BC942}") = "shotten", "shotten\shotten.vcxproj", "{D1EA6533-10E3-406C-989F-391B7F352B0C}"
EndProject
Global
	GlobalSection(SolutionConfigurationPlatforms) = preSolution
		Debug|x64 = Debug|x64
		Debug|x86 = Debug|x86
		Release|x64 = Release|x64
		Release|x86 = Release|x86
	EndGlobalSection
	GlobalSection(ProjectConfigurationPlatforms) = postSolution
		{D1EA6533-10E3-406C-989F-391B7F352B0C}.Debug|x64.ActiveCfg = Debug|x64
		{D1EA6533-10E3-406C-989F-391B7F352B0C}.Debug|x64.Build.0 = Debug|x64
		{D1EA6533-10E3-406C-989F-391B7F352B0C}.Debug|x86.ActiveCfg = Debug|Win32
		{D1EA6533-10E3-406C-989F-391B7F352B0C}.Debug|x86.Build.0 = Debug|Win32
		{D1EA6533-10E3-406C-989F-391B7F352B0C}.Release|x64.ActiveCfg = Release|x64
		{D1EA6533-10E3-406C-989F-391B7F352B0C}.Release|x64.Build.0 = Release|x64
		{D1EA6533-10E3-406C-989F-391B7F352B0C}.Release|x86.ActiveCfg = Release|Win32
		{D1EA6533-10E3-406C-989F-391B7F352B0C}.Release|x86.Build.0 = Release|Win32
	EndGlobalSection
	GlobalSection(SolutionProperties) = preSolution
		HideSolutionNode = FALSE
	EndGlobalSection
	GlobalSection(ExtensibilityGlobals) = postSolution
		SolutionGuid = {1FBA00C5-52BF-47B0-B2A1-7DB3AA99F4DA}
	EndGlobalSection
EndGlobal
